
Microsoft Visual Studio Solution File, Format Version 12.00
# Visual Studio Version 17
VisualStudioVersion = 17.7.34221.43
MinimumVisualStudioVersion = 10.0.40219.1
Project("{FAE04EC0-301F-11D3-BF4B-00C04F79EFBC}") = "SIRENSIRETApplication.Server", "Server\SIRENSIRETApplication.Server.csproj", "{844A0DAA-2EFA-4594-9D50-43D4360B0C7A}"
EndProject
Project("{FAE04EC0-301F-11D3-BF4B-00C04F79EFBC}") = "SIRENSIRETApplication.Client", "Client\SIRENSIRETApplication.Client.csproj", "{8E5E5D52-264C-49EC-819B-EB6E0E801F2C}"
EndProject
Project("{FAE04EC0-301F-11D3-BF4B-00C04F79EFBC}") = "SIRENSIRETApplication.Shared", "Shared\SIRENSIRETApplication.Shared.csproj", "{04F52A22-DB4B-4C55-927E-0FF858790390}"
EndProject
Global
	GlobalSection(SolutionConfigurationPlatforms) = preSolution
		Debug|Any CPU = Debug|Any CPU
		Release|Any CPU = Release|Any CPU
	EndGlobalSection
	GlobalSection(ProjectConfigurationPlatforms) = postSolution
		{844A0DAA-2EFA-4594-9D50-43D4360B0C7A}.Debug|Any CPU.ActiveCfg = Debug|Any CPU
		{844A0DAA-2EFA-4594-9D50-43D4360B0C7A}.Debug|Any CPU.Build.0 = Debug|Any CPU
		{844A0DAA-2EFA-4594-9D50-43D4360B0C7A}.Release|Any CPU.ActiveCfg = Release|Any CPU
		{844A0DAA-2EFA-4594-9D50-43D4360B0C7A}.Release|Any CPU.Build.0 = Release|Any CPU
		{8E5E5D52-264C-49EC-819B-EB6E0E801F2C}.Debug|Any CPU.ActiveCfg = Debug|Any CPU
		{8E5E5D52-264C-49EC-819B-EB6E0E801F2C}.Debug|Any CPU.Build.0 = Debug|Any CPU
		{8E5E5D52-264C-49EC-819B-EB6E0E801F2C}.Release|Any CPU.ActiveCfg = Release|Any CPU
		{8E5E5D52-264C-49EC-819B-EB6E0E801F2C}.Release|Any CPU.Build.0 = Release|Any CPU
		{04F52A22-DB4B-4C55-927E-0FF858790390}.Debug|Any CPU.ActiveCfg = Debug|Any CPU
		{04F52A22-DB4B-4C55-927E-0FF858790390}.Debug|Any CPU.Build.0 = Debug|Any CPU
		{04F52A22-DB4B-4C55-927E-0FF858790390}.Release|Any CPU.ActiveCfg = Release|Any CPU
		{04F52A22-DB4B-4C55-927E-0FF858790390}.Release|Any CPU.Build.0 = Release|Any CPU
	EndGlobalSection
	GlobalSection(SolutionProperties) = preSolution
		HideSolutionNode = FALSE
	EndGlobalSection
	GlobalSection(ExtensibilityGlobals) = postSolution
		SolutionGuid = {05C4F15A-6CDF-412F-B47C-AF072BDD6C87}
	EndGlobalSection
EndGlobal
